
Microsoft Visual Studio Solution File, Format Version 12.00
# Visual Studio Version 17
VisualStudioVersion = 17.11.35431.28
MinimumVisualStudioVersion = 10.0.40219.1
Project("{FAE04EC0-301F-11D3-BF4B-00C04F79EFBC}") = "Pro_Veterinaria", "Pro_Veterinaria.csproj", "{DC80FE6C-DD2C-425D-89D1-8C10935FD7E0}"
EndProject
Global
	GlobalSection(SolutionConfigurationPlatforms) = preSolution
		Debug|Any CPU = Debug|Any CPU
		Release|Any CPU = Release|Any CPU
	EndGlobalSection
	GlobalSection(ProjectConfigurationPlatforms) = postSolution
		{DC80FE6C-DD2C-425D-89D1-8C10935FD7E0}.Debug|Any CPU.ActiveCfg = Debug|Any CPU
		{DC80FE6C-DD2C-425D-89D1-8C10935FD7E0}.Debug|Any CPU.Build.0 = Debug|Any CPU
		{DC80FE6C-DD2C-425D-89D1-8C10935FD7E0}.Release|Any CPU.ActiveCfg = Release|Any CPU
		{DC80FE6C-DD2C-425D-89D1-8C10935FD7E0}.Release|Any CPU.Build.0 = Release|Any CPU
	EndGlobalSection
	GlobalSection(SolutionProperties) = preSolution
		HideSolutionNode = FALSE
	EndGlobalSection
	GlobalSection(ExtensibilityGlobals) = postSolution
		SolutionGuid = {76A49E12-6A62-4002-BC66-38FEF2FBD596}
	EndGlobalSection
EndGlobal
